PODS:
  - lottie-ios (4.2.0)
  - MTCircularSlider (1.1.0)
  - SnapKit (5.6.0)
  - SwiftGen (6.6.2)

DEPENDENCIES:
  - lottie-ios
  - MTCircularSlider (from `https://github.com/filippkos/MTCircularSlider`, commit `0b62a0c`)
  - SnapKit
  - SwiftGen

SPEC REPOS:
  trunk:
    - lottie-ios
    - SnapKit
    - SwiftGen

EXTERNAL SOURCES:
  MTCircularSlider:
    :commit: 0b62a0c
    :git: https://github.com/filippkos/MTCircularSlider

CHECKOUT OPTIONS:
  MTCircularSlider:
    :commit: 0b62a0c
    :git: https://github.com/filippkos/MTCircularSlider

SPEC CHECKSUMS:
  lottie-ios: 809ecf2d460ed650a6aed7aa88b2ec45fab4779c
  MTCircularSlider: 9b8fff1d3f7675b1c0dfa9b78d48cae9971c63a4
  SnapKit: e01d52ebb8ddbc333eefe2132acf85c8227d9c25
  SwiftGen: 1366a7f71aeef49954ca5a63ba4bef6b0f24138c

PODFILE CHECKSUM: 762b2fc11b4606d9eb7d07603c4c5ed5c022cc36

COCOAPODS: 1.11.3
