// !$*UTF8*$!
{
	archiveVersion = 1;
	classes = {
	};
	objectVersion = 56;
	objects = {

/* Begin PBXBuildFile section */
		22232B1229B5EDB100B52268 /* PaytoneOne-Regular.ttf in Resources */ = {isa = PBXBuildFile; fileRef = 22232B1129B5EDB100B52268 /* PaytoneOne-Regular.ttf */; };
		22232B1429B5EFD500B52268 /* PlusJakartaSans-Medium.ttf in Resources */ = {isa = PBXBuildFile; fileRef = 22232B1329B5EFD500B52268 /* PlusJakartaSans-Medium.ttf */; };
		22232B1629B604A000B52268 /* PlusJakartaSans-ExtraBold.ttf in Resources */ = {isa = PBXBuildFile; fileRef = 22232B1529B604A000B52268 /* PlusJakartaSans-ExtraBold.ttf */; };
		22232B1F29B754E700B52268 /* Colors.xcassets in Resources */ = {isa = PBXBuildFile; fileRef = 22232B1E29B754E700B52268 /* Colors.xcassets */; };
		22232B2129B7551C00B52268 /* Images.xcassets in Resources */ = {isa = PBXBuildFile; fileRef = 22232B2029B7551C00B52268 /* Images.xcassets */; };
		22232B2329B7552D00B52268 /* Localizable.strings in Resources */ = {isa = PBXBuildFile; fileRef = 22232B2229B7552D00B52268 /* Localizable.strings */; };
		22232B2B29B7795E00B52268 /* Colors.swift in Sources */ = {isa = PBXBuildFile; fileRef = 22232B2829B7795E00B52268 /* Colors.swift */; };
		22232B2C29B7795E00B52268 /* Images.swift in Sources */ = {isa = PBXBuildFile; fileRef = 22232B2929B7795E00B52268 /* Images.swift */; };
		22232B2D29B7795E00B52268 /* L10n-Constants.swift in Sources */ = {isa = PBXBuildFile; fileRef = 22232B2A29B7795E00B52268 /* L10n-Constants.swift */; };
		22232B2F29B78BC300B52268 /* DashboardLocalizationDictionary.swift in Sources */ = {isa = PBXBuildFile; fileRef = 22232B2E29B78BC300B52268 /* DashboardLocalizationDictionary.swift */; };
		22232B3129B792DA00B52268 /* DashboardContentModel.swift in Sources */ = {isa = PBXBuildFile; fileRef = 22232B3029B792DA00B52268 /* DashboardContentModel.swift */; };
		22232B3329B90DDF00B52268 /* Fonts.swift in Sources */ = {isa = PBXBuildFile; fileRef = 22232B3229B90DDF00B52268 /* Fonts.swift */; };
		2245E82129C8B6FE00E8EB80 /* PokemonListCollectionViewGridCell.swift in Sources */ = {isa = PBXBuildFile; fileRef = 2245E81F29C8B6FE00E8EB80 /* PokemonListCollectionViewGridCell.swift */; };
		2245E82229C8B6FE00E8EB80 /* PokemonListCollectionViewGridCell.xib in Resources */ = {isa = PBXBuildFile; fileRef = 2245E82029C8B6FE00E8EB80 /* PokemonListCollectionViewGridCell.xib */; };
		2245E82429C8C98000E8EB80 /* PokemonListCollectionViewCell.swift in Sources */ = {isa = PBXBuildFile; fileRef = 2245E82329C8C98000E8EB80 /* PokemonListCollectionViewCell.swift */; };
		2245E82C29C992B600E8EB80 /* PokemonListCollectionViewListCell.swift in Sources */ = {isa = PBXBuildFile; fileRef = 2245E82A29C992B600E8EB80 /* PokemonListCollectionViewListCell.swift */; };
		2245E82D29C992B600E8EB80 /* PokemonListCollectionViewListCell.xib in Resources */ = {isa = PBXBuildFile; fileRef = 2245E82B29C992B600E8EB80 /* PokemonListCollectionViewListCell.xib */; };
		2245E83129C9B13100E8EB80 /* AboutUsViewController.swift in Sources */ = {isa = PBXBuildFile; fileRef = 2245E82F29C9B13100E8EB80 /* AboutUsViewController.swift */; };
		2245E83229C9B13100E8EB80 /* AboutUsViewController.xib in Resources */ = {isa = PBXBuildFile; fileRef = 2245E83029C9B13100E8EB80 /* AboutUsViewController.xib */; };
		2245E83429C9B15000E8EB80 /* AboutUsView.swift in Sources */ = {isa = PBXBuildFile; fileRef = 2245E83329C9B15000E8EB80 /* AboutUsView.swift */; };
		2253047A2A13A4E9000C68BD /* CircularSliderView.swift in Sources */ = {isa = PBXBuildFile; fileRef = 225304782A13A4E9000C68BD /* CircularSliderView.swift */; };
		2253047B2A13A4E9000C68BD /* CircularSliderView.xib in Resources */ = {isa = PBXBuildFile; fileRef = 225304792A13A4E9000C68BD /* CircularSliderView.xib */; };
		2253047F2A13AFCF000C68BD /* pokeball.json in Resources */ = {isa = PBXBuildFile; fileRef = 2253047E2A13AFCF000C68BD /* pokeball.json */; };
		2287B0F429B0F7BC004EDBE6 /* AppDelegate.swift in Sources */ = {isa = PBXBuildFile; fileRef = 2287B0F329B0F7BC004EDBE6 /* AppDelegate.swift */; };
		2287B0F829B0F7BC004EDBE6 /* ViewController.swift in Sources */ = {isa = PBXBuildFile; fileRef = 2287B0F729B0F7BC004EDBE6 /* ViewController.swift */; };
		2287B10029B0F7BE004EDBE6 /* LaunchScreen.storyboard in Resources */ = {isa = PBXBuildFile; fileRef = 2287B0FE29B0F7BE004EDBE6 /* LaunchScreen.storyboard */; };
		2287B11729B100D0004EDBE6 /* AppCoordinator.swift in Sources */ = {isa = PBXBuildFile; fileRef = 2287B11629B100D0004EDBE6 /* AppCoordinator.swift */; };
		2287B11929B100F7004EDBE6 /* F.swift in Sources */ = {isa = PBXBuildFile; fileRef = 2287B11829B100F7004EDBE6 /* F.swift */; };
		2287B11B29B10106004EDBE6 /* WeakBox.swift in Sources */ = {isa = PBXBuildFile; fileRef = 2287B11A29B10106004EDBE6 /* WeakBox.swift */; };
		2287B11D29B1015C004EDBE6 /* Cancellable.swift in Sources */ = {isa = PBXBuildFile; fileRef = 2287B11C29B1015C004EDBE6 /* Cancellable.swift */; };
		2287B12029B10187004EDBE6 /* CoordinatorProtocol.swift in Sources */ = {isa = PBXBuildFile; fileRef = 2287B11F29B10187004EDBE6 /* CoordinatorProtocol.swift */; };
		2287B12229B101BE004EDBE6 /* UViewController+ViewCast.swift in Sources */ = {isa = PBXBuildFile; fileRef = 2287B12129B101BE004EDBE6 /* UViewController+ViewCast.swift */; };
		2287B12429B101EF004EDBE6 /* TableView+ReusableCell.swift in Sources */ = {isa = PBXBuildFile; fileRef = 2287B12329B101EF004EDBE6 /* TableView+ReusableCell.swift */; };
		2287B12629B10218004EDBE6 /* URLResponce+GetStatusCode.swift in Sources */ = {isa = PBXBuildFile; fileRef = 2287B12529B10218004EDBE6 /* URLResponce+GetStatusCode.swift */; };
		2287B12829B10236004EDBE6 /* Array+OptionalValue.swift in Sources */ = {isa = PBXBuildFile; fileRef = 2287B12729B10236004EDBE6 /* Array+OptionalValue.swift */; };
		2287B12A29B1025E004EDBE6 /* Pokemon+Hashable&Comparable.swift in Sources */ = {isa = PBXBuildFile; fileRef = 2287B12929B1025E004EDBE6 /* Pokemon+Hashable&Comparable.swift */; };
		2287B12C29B1027B004EDBE6 /* UIImageView+Spinnable.swift in Sources */ = {isa = PBXBuildFile; fileRef = 2287B12B29B1027B004EDBE6 /* UIImageView+Spinnable.swift */; };
		2287B12E29B102B1004EDBE6 /* BaseViewController.swift in Sources */ = {isa = PBXBuildFile; fileRef = 2287B12D29B102B1004EDBE6 /* BaseViewController.swift */; };
		2287B13029B102B8004EDBE6 /* BaseView.swift in Sources */ = {isa = PBXBuildFile; fileRef = 2287B12F29B102B8004EDBE6 /* BaseView.swift */; };
		2287B13229B102F3004EDBE6 /* Pokemon.swift in Sources */ = {isa = PBXBuildFile; fileRef = 2287B13129B102F3004EDBE6 /* Pokemon.swift */; };
		2287B13429B102FD004EDBE6 /* PokemonList.swift in Sources */ = {isa = PBXBuildFile; fileRef = 2287B13329B102FD004EDBE6 /* PokemonList.swift */; };
		2287B13629B10307004EDBE6 /* AlertModel.swift in Sources */ = {isa = PBXBuildFile; fileRef = 2287B13529B10307004EDBE6 /* AlertModel.swift */; };
		2287B13E29B1047C004EDBE6 /* DashboardViewController.swift in Sources */ = {isa = PBXBuildFile; fileRef = 2287B13C29B1047C004EDBE6 /* DashboardViewController.swift */; };
		2287B13F29B1047C004EDBE6 /* DashboardViewController.xib in Resources */ = {isa = PBXBuildFile; fileRef = 2287B13D29B1047C004EDBE6 /* DashboardViewController.xib */; };
		2287B14229B104B0004EDBE6 /* PokemonListViewController.swift in Sources */ = {isa = PBXBuildFile; fileRef = 2287B14029B104B0004EDBE6 /* PokemonListViewController.swift */; };
		2287B14329B104B0004EDBE6 /* PokemonListViewController.xib in Resources */ = {isa = PBXBuildFile; fileRef = 2287B14129B104B0004EDBE6 /* PokemonListViewController.xib */; };
		2287B14629B104C4004EDBE6 /* PokemonViewController.swift in Sources */ = {isa = PBXBuildFile; fileRef = 2287B14429B104C4004EDBE6 /* PokemonViewController.swift */; };
		2287B14729B104C4004EDBE6 /* PokemonViewController.xib in Resources */ = {isa = PBXBuildFile; fileRef = 2287B14529B104C4004EDBE6 /* PokemonViewController.xib */; };
		2287B15329B1054F004EDBE6 /* DashboardView.swift in Sources */ = {isa = PBXBuildFile; fileRef = 2287B15229B1054F004EDBE6 /* DashboardView.swift */; };
		2287B15529B10563004EDBE6 /* PokemonListView.swift in Sources */ = {isa = PBXBuildFile; fileRef = 2287B15429B10563004EDBE6 /* PokemonListView.swift */; };
		2287B15729B10575004EDBE6 /* PokemonView.swift in Sources */ = {isa = PBXBuildFile; fileRef = 2287B15629B10575004EDBE6 /* PokemonView.swift */; };
		2287B15A29B105BC004EDBE6 /* NetworkManager.swift in Sources */ = {isa = PBXBuildFile; fileRef = 2287B15929B105BC004EDBE6 /* NetworkManager.swift */; };
		2287B15C29B105CC004EDBE6 /* PokemonProvider.swift in Sources */ = {isa = PBXBuildFile; fileRef = 2287B15B29B105CC004EDBE6 /* PokemonProvider.swift */; };
		2287B15E29B105DD004EDBE6 /* NetworkParser.swift in Sources */ = {isa = PBXBuildFile; fileRef = 2287B15D29B105DD004EDBE6 /* NetworkParser.swift */; };
		2287B16029B105F7004EDBE6 /* ServerConstants.swift in Sources */ = {isa = PBXBuildFile; fileRef = 2287B15F29B105F7004EDBE6 /* ServerConstants.swift */; };
		2287B16229B10604004EDBE6 /* HTTPMethod.swift in Sources */ = {isa = PBXBuildFile; fileRef = 2287B16129B10604004EDBE6 /* HTTPMethod.swift */; };
		2287B16429B10614004EDBE6 /* NetworkResponse.swift in Sources */ = {isa = PBXBuildFile; fileRef = 2287B16329B10614004EDBE6 /* NetworkResponse.swift */; };
		2287B16629B10686004EDBE6 /* SpinnerView.swift in Sources */ = {isa = PBXBuildFile; fileRef = 2287B16529B10686004EDBE6 /* SpinnerView.swift */; };
		2287B16829B10697004EDBE6 /* Spinnable.swift in Sources */ = {isa = PBXBuildFile; fileRef = 2287B16729B10697004EDBE6 /* Spinnable.swift */; };
		2287B16A29B106A1004EDBE6 /* Spinner.swift in Sources */ = {isa = PBXBuildFile; fileRef = 2287B16929B106A1004EDBE6 /* Spinner.swift */; };
		2287B16C29B106E6004EDBE6 /* ServiceManager.swift in Sources */ = {isa = PBXBuildFile; fileRef = 2287B16B29B106E6004EDBE6 /* ServiceManager.swift */; };
		2287B16E29B10709004EDBE6 /* StorageService.swift in Sources */ = {isa = PBXBuildFile; fileRef = 2287B16D29B10709004EDBE6 /* StorageService.swift */; };
		2287B17029B10724004EDBE6 /* ImageService.swift in Sources */ = {isa = PBXBuildFile; fileRef = 2287B16F29B10724004EDBE6 /* ImageService.swift */; };
		2287B17529B38116004EDBE6 /* PagerView.swift in Sources */ = {isa = PBXBuildFile; fileRef = 2287B17429B38116004EDBE6 /* PagerView.swift */; };
		2287B17C29B3819D004EDBE6 /* DashboardCollectionViewCell.swift in Sources */ = {isa = PBXBuildFile; fileRef = 2287B17A29B3819D004EDBE6 /* DashboardCollectionViewCell.swift */; };
		2287B17D29B3819D004EDBE6 /* DashboardCollectionViewCell.xib in Resources */ = {isa = PBXBuildFile; fileRef = 2287B17B29B3819D004EDBE6 /* DashboardCollectionViewCell.xib */; };
		2287B17F29B3A551004EDBE6 /* CollectionView+ReusableCell.swift in Sources */ = {isa = PBXBuildFile; fileRef = 2287B17E29B3A551004EDBE6 /* CollectionView+ReusableCell.swift */; };
		22D6D90E29FBF72100C984F5 /* PokemonHeaderCollectionViewCell.swift in Sources */ = {isa = PBXBuildFile; fileRef = 22D6D90C29FBF72100C984F5 /* PokemonHeaderCollectionViewCell.swift */; };
		22D6D90F29FBF72100C984F5 /* PokemonHeaderCollectionViewCell.xib in Resources */ = {isa = PBXBuildFile; fileRef = 22D6D90D29FBF72100C984F5 /* PokemonHeaderCollectionViewCell.xib */; };
		22D6D91329FBF80700C984F5 /* PokemonCollectionViewCell.swift in Sources */ = {isa = PBXBuildFile; fileRef = 22D6D91129FBF80700C984F5 /* PokemonCollectionViewCell.swift */; };
		22D6D91429FBF80700C984F5 /* PokemonCollectionViewCell.xib in Resources */ = {isa = PBXBuildFile; fileRef = 22D6D91229FBF80700C984F5 /* PokemonCollectionViewCell.xib */; };
		22D6D91829FBF92300C984F5 /* ChipCollectionViewCell.swift in Sources */ = {isa = PBXBuildFile; fileRef = 22D6D91629FBF92300C984F5 /* ChipCollectionViewCell.swift */; };
		22D6D91929FBF92300C984F5 /* ChipCollectionViewCell.xib in Resources */ = {isa = PBXBuildFile; fileRef = 22D6D91729FBF92300C984F5 /* ChipCollectionViewCell.xib */; };
		22D6D9232A038DA400C984F5 /* VerticalTagView.swift in Sources */ = {isa = PBXBuildFile; fileRef = 22D6D9212A038DA400C984F5 /* VerticalTagView.swift */; };
		22D6D9242A038DA400C984F5 /* VerticalTagView.xib in Resources */ = {isa = PBXBuildFile; fileRef = 22D6D9222A038DA400C984F5 /* VerticalTagView.xib */; };
		22D6D9292A03A00700C984F5 /* NibDesignable.swift in Sources */ = {isa = PBXBuildFile; fileRef = 22D6D9282A03A00700C984F5 /* NibDesignable.swift */; };
		22D6D93A2A06F8D900C984F5 /* String+CapitalizeFirstLetter.swift in Sources */ = {isa = PBXBuildFile; fileRef = 22D6D9392A06F8D900C984F5 /* String+CapitalizeFirstLetter.swift */; };
		22D6D93F2A09230400C984F5 /* Models.swift in Sources */ = {isa = PBXBuildFile; fileRef = 22D6D93E2A09230400C984F5 /* Models.swift */; };
		22D6D9482A0D1E7700C984F5 /* Int+FormattedNumber.swift in Sources */ = {isa = PBXBuildFile; fileRef = 22D6D9472A0D1E7700C984F5 /* Int+FormattedNumber.swift */; };
		22D6D94A2A0E8E2E00C984F5 /* UIImage+AverageColor.swift in Sources */ = {isa = PBXBuildFile; fileRef = 22D6D9492A0E8E2E00C984F5 /* UIImage+AverageColor.swift */; };
		5A0DFA19DD2C053E32D07721 /* Pods_idap_study_task10.framework in Frameworks */ = {isa = PBXBuildFile; fileRef = 4E98552B36B05858F02D8FBF /* Pods_idap_study_task10.framework */; };
/* End PBXBuildFile section */

/* Begin PBXFileReference section */
		22232B1129B5EDB100B52268 /* PaytoneOne-Regular.ttf */ = {isa = PBXFileReference; lastKnownFileType = file; path = "PaytoneOne-Regular.ttf"; sourceTree = "<group>"; };
		22232B1329B5EFD500B52268 /* PlusJakartaSans-Medium.ttf */ = {isa = PBXFileReference; lastKnownFileType = file; path = "PlusJakartaSans-Medium.ttf"; sourceTree = "<group>"; };
		22232B1529B604A000B52268 /* PlusJakartaSans-ExtraBold.ttf */ = {isa = PBXFileReference; lastKnownFileType = file; path = "PlusJakartaSans-ExtraBold.ttf"; sourceTree = "<group>"; };
		22232B1E29B754E700B52268 /* Colors.xcassets */ = {isa = PBXFileReference; lastKnownFileType = folder.assetcatalog; path = Colors.xcassets; sourceTree = "<group>"; };
		22232B2029B7551C00B52268 /* Images.xcassets */ = {isa = PBXFileReference; lastKnownFileType = folder.assetcatalog; path = Images.xcassets; sourceTree = "<group>"; };
		22232B2229B7552D00B52268 /* Localizable.strings */ = {isa = PBXFileReference; lastKnownFileType = text.plist.strings; path = Localizable.strings; sourceTree = "<group>"; };
		22232B2529B75BA400B52268 /* swiftgen-config.yml */ = {isa = PBXFileReference; lastKnownFileType = text.yaml; path = "swiftgen-config.yml"; sourceTree = "<group>"; };
		22232B2829B7795E00B52268 /* Colors.swift */ = {isa = PBXFileReference; fileEncoding = 4; lastKnownFileType = sourcecode.swift; path = Colors.swift; sourceTree = "<group>"; };
		22232B2929B7795E00B52268 /* Images.swift */ = {isa = PBXFileReference; fileEncoding = 4; lastKnownFileType = sourcecode.swift; path = Images.swift; sourceTree = "<group>"; };
		22232B2A29B7795E00B52268 /* L10n-Constants.swift */ = {isa = PBXFileReference; fileEncoding = 4; lastKnownFileType = sourcecode.swift; path = "L10n-Constants.swift"; sourceTree = "<group>"; };
		22232B2E29B78BC300B52268 /* DashboardLocalizationDictionary.swift */ = {isa = PBXFileReference; lastKnownFileType = sourcecode.swift; path = DashboardLocalizationDictionary.swift; sourceTree = "<group>"; };
		22232B3029B792DA00B52268 /* DashboardContentModel.swift */ = {isa = PBXFileReference; lastKnownFileType = sourcecode.swift; path = DashboardContentModel.swift; sourceTree = "<group>"; };
		22232B3229B90DDF00B52268 /* Fonts.swift */ = {isa = PBXFileReference; fileEncoding = 4; lastKnownFileType = sourcecode.swift; path = Fonts.swift; sourceTree = "<group>"; };
		2245E81F29C8B6FE00E8EB80 /* PokemonListCollectionViewGridCell.swift */ = {isa = PBXFileReference; lastKnownFileType = sourcecode.swift; path = PokemonListCollectionViewGridCell.swift; sourceTree = "<group>"; };
		2245E82029C8B6FE00E8EB80 /* PokemonListCollectionViewGridCell.xib */ = {isa = PBXFileReference; lastKnownFileType = file.xib; path = PokemonListCollectionViewGridCell.xib; sourceTree = "<group>"; };
		2245E82329C8C98000E8EB80 /* PokemonListCollectionViewCell.swift */ = {isa = PBXFileReference; lastKnownFileType = sourcecode.swift; path = PokemonListCollectionViewCell.swift; sourceTree = "<group>"; };
		2245E82A29C992B600E8EB80 /* PokemonListCollectionViewListCell.swift */ = {isa = PBXFileReference; lastKnownFileType = sourcecode.swift; path = PokemonListCollectionViewListCell.swift; sourceTree = "<group>"; };
		2245E82B29C992B600E8EB80 /* PokemonListCollectionViewListCell.xib */ = {isa = PBXFileReference; lastKnownFileType = file.xib; path = PokemonListCollectionViewListCell.xib; sourceTree = "<group>"; };
		2245E82F29C9B13100E8EB80 /* AboutUsViewController.swift */ = {isa = PBXFileReference; lastKnownFileType = sourcecode.swift; path = AboutUsViewController.swift; sourceTree = "<group>"; };
		2245E83029C9B13100E8EB80 /* AboutUsViewController.xib */ = {isa = PBXFileReference; lastKnownFileType = file.xib; path = AboutUsViewController.xib; sourceTree = "<group>"; };
		2245E83329C9B15000E8EB80 /* AboutUsView.swift */ = {isa = PBXFileReference; lastKnownFileType = sourcecode.swift; path = AboutUsView.swift; sourceTree = "<group>"; };
		225304782A13A4E9000C68BD /* CircularSliderView.swift */ = {isa = PBXFileReference; lastKnownFileType = sourcecode.swift; path = CircularSliderView.swift; sourceTree = "<group>"; };
		225304792A13A4E9000C68BD /* CircularSliderView.xib */ = {isa = PBXFileReference; lastKnownFileType = file.xib; path = CircularSliderView.xib; sourceTree = "<group>"; };
		2253047E2A13AFCF000C68BD /* pokeball.json */ = {isa = PBXFileReference; fileEncoding = 4; lastKnownFileType = text.json; name = pokeball.json; path = ../../../../../../../../Downloads/pokeball.json; sourceTree = "<group>"; };
		2287B0F029B0F7BC004EDBE6 /* idap_study_task10.app */ = {isa = PBXFileReference; explicitFileType = wrapper.application; includeInIndex = 0; path = idap_study_task10.app; sourceTree = BUILT_PRODUCTS_DIR; };
		2287B0F329B0F7BC004EDBE6 /* AppDelegate.swift */ = {isa = PBXFileReference; lastKnownFileType = sourcecode.swift; path = AppDelegate.swift; sourceTree = "<group>"; };
		2287B0F729B0F7BC004EDBE6 /* ViewController.swift */ = {isa = PBXFileReference; lastKnownFileType = sourcecode.swift; path = ViewController.swift; sourceTree = "<group>"; };
		2287B0FF29B0F7BE004EDBE6 /* Base */ = {isa = PBXFileReference; lastKnownFileType = file.storyboard; name = Base; path = Base.lproj/LaunchScreen.storyboard; sourceTree = "<group>"; };
		2287B10129B0F7BE004EDBE6 /* Info.plist */ = {isa = PBXFileReference; lastKnownFileType = text.plist.xml; path = Info.plist; sourceTree = "<group>"; };
		2287B11629B100D0004EDBE6 /* AppCoordinator.swift */ = {isa = PBXFileReference; lastKnownFileType = sourcecode.swift; path = AppCoordinator.swift; sourceTree = "<group>"; };
		2287B11829B100F7004EDBE6 /* F.swift */ = {isa = PBXFileReference; lastKnownFileType = sourcecode.swift; path = F.swift; sourceTree = "<group>"; };
		2287B11A29B10106004EDBE6 /* WeakBox.swift */ = {isa = PBXFileReference; lastKnownFileType = sourcecode.swift; path = WeakBox.swift; sourceTree = "<group>"; };
		2287B11C29B1015C004EDBE6 /* Cancellable.swift */ = {isa = PBXFileReference; lastKnownFileType = sourcecode.swift; path = Cancellable.swift; sourceTree = "<group>"; };
		2287B11F29B10187004EDBE6 /* CoordinatorProtocol.swift */ = {isa = PBXFileReference; lastKnownFileType = sourcecode.swift; path = CoordinatorProtocol.swift; sourceTree = "<group>"; };
		2287B12129B101BE004EDBE6 /* UViewController+ViewCast.swift */ = {isa = PBXFileReference; lastKnownFileType = sourcecode.swift; path = "UViewController+ViewCast.swift"; sourceTree = "<group>"; };
		2287B12329B101EF004EDBE6 /* TableView+ReusableCell.swift */ = {isa = PBXFileReference; lastKnownFileType = sourcecode.swift; path = "TableView+ReusableCell.swift"; sourceTree = "<group>"; };
		2287B12529B10218004EDBE6 /* URLResponce+GetStatusCode.swift */ = {isa = PBXFileReference; lastKnownFileType = sourcecode.swift; path = "URLResponce+GetStatusCode.swift"; sourceTree = "<group>"; };
		2287B12729B10236004EDBE6 /* Array+OptionalValue.swift */ = {isa = PBXFileReference; lastKnownFileType = sourcecode.swift; path = "Array+OptionalValue.swift"; sourceTree = "<group>"; };
		2287B12929B1025E004EDBE6 /* Pokemon+Hashable&Comparable.swift */ = {isa = PBXFileReference; lastKnownFileType = sourcecode.swift; path = "Pokemon+Hashable&Comparable.swift"; sourceTree = "<group>"; };
		2287B12B29B1027B004EDBE6 /* UIImageView+Spinnable.swift */ = {isa = PBXFileReference; lastKnownFileType = sourcecode.swift; path = "UIImageView+Spinnable.swift"; sourceTree = "<group>"; };
		2287B12D29B102B1004EDBE6 /* BaseViewController.swift */ = {isa = PBXFileReference; lastKnownFileType = sourcecode.swift; path = BaseViewController.swift; sourceTree = "<group>"; };
		2287B12F29B102B8004EDBE6 /* BaseView.swift */ = {isa = PBXFileReference; lastKnownFileType = sourcecode.swift; path = BaseView.swift; sourceTree = "<group>"; };
		2287B13129B102F3004EDBE6 /* Pokemon.swift */ = {isa = PBXFileReference; lastKnownFileType = sourcecode.swift; path = Pokemon.swift; sourceTree = "<group>"; };
		2287B13329B102FD004EDBE6 /* PokemonList.swift */ = {isa = PBXFileReference; lastKnownFileType = sourcecode.swift; path = PokemonList.swift; sourceTree = "<group>"; };
		2287B13529B10307004EDBE6 /* AlertModel.swift */ = {isa = PBXFileReference; lastKnownFileType = sourcecode.swift; path = AlertModel.swift; sourceTree = "<group>"; };
		2287B13C29B1047C004EDBE6 /* DashboardViewController.swift */ = {isa = PBXFileReference; lastKnownFileType = sourcecode.swift; path = DashboardViewController.swift; sourceTree = "<group>"; };
		2287B13D29B1047C004EDBE6 /* DashboardViewController.xib */ = {isa = PBXFileReference; lastKnownFileType = file.xib; path = DashboardViewController.xib; sourceTree = "<group>"; };
		2287B14029B104B0004EDBE6 /* PokemonListViewController.swift */ = {isa = PBXFileReference; lastKnownFileType = sourcecode.swift; path = PokemonListViewController.swift; sourceTree = "<group>"; };
		2287B14129B104B0004EDBE6 /* PokemonListViewController.xib */ = {isa = PBXFileReference; lastKnownFileType = file.xib; path = PokemonListViewController.xib; sourceTree = "<group>"; };
		2287B14429B104C4004EDBE6 /* PokemonViewController.swift */ = {isa = PBXFileReference; lastKnownFileType = sourcecode.swift; path = PokemonViewController.swift; sourceTree = "<group>"; };
		2287B14529B104C4004EDBE6 /* PokemonViewController.xib */ = {isa = PBXFileReference; lastKnownFileType = file.xib; path = PokemonViewController.xib; sourceTree = "<group>"; };
		2287B15229B1054F004EDBE6 /* DashboardView.swift */ = {isa = PBXFileReference; lastKnownFileType = sourcecode.swift; path = DashboardView.swift; sourceTree = "<group>"; };
		2287B15429B10563004EDBE6 /* PokemonListView.swift */ = {isa = PBXFileReference; lastKnownFileType = sourcecode.swift; path = PokemonListView.swift; sourceTree = "<group>"; };
		2287B15629B10575004EDBE6 /* PokemonView.swift */ = {isa = PBXFileReference; lastKnownFileType = sourcecode.swift; path = PokemonView.swift; sourceTree = "<group>"; };
		2287B15929B105BC004EDBE6 /* NetworkManager.swift */ = {isa = PBXFileReference; lastKnownFileType = sourcecode.swift; path = NetworkManager.swift; sourceTree = "<group>"; };
		2287B15B29B105CC004EDBE6 /* PokemonProvider.swift */ = {isa = PBXFileReference; lastKnownFileType = sourcecode.swift; path = PokemonProvider.swift; sourceTree = "<group>"; };
		2287B15D29B105DD004EDBE6 /* NetworkParser.swift */ = {isa = PBXFileReference; lastKnownFileType = sourcecode.swift; path = NetworkParser.swift; sourceTree = "<group>"; };
		2287B15F29B105F7004EDBE6 /* ServerConstants.swift */ = {isa = PBXFileReference; lastKnownFileType = sourcecode.swift; path = ServerConstants.swift; sourceTree = "<group>"; };
		2287B16129B10604004EDBE6 /* HTTPMethod.swift */ = {isa = PBXFileReference; lastKnownFileType = sourcecode.swift; path = HTTPMethod.swift; sourceTree = "<group>"; };
		2287B16329B10614004EDBE6 /* NetworkResponse.swift */ = {isa = PBXFileReference; lastKnownFileType = sourcecode.swift; path = NetworkResponse.swift; sourceTree = "<group>"; };
		2287B16529B10686004EDBE6 /* SpinnerView.swift */ = {isa = PBXFileReference; lastKnownFileType = sourcecode.swift; path = SpinnerView.swift; sourceTree = "<group>"; };
		2287B16729B10697004EDBE6 /* Spinnable.swift */ = {isa = PBXFileReference; lastKnownFileType = sourcecode.swift; path = Spinnable.swift; sourceTree = "<group>"; };
		2287B16929B106A1004EDBE6 /* Spinner.swift */ = {isa = PBXFileReference; lastKnownFileType = sourcecode.swift; path = Spinner.swift; sourceTree = "<group>"; };
		2287B16B29B106E6004EDBE6 /* ServiceManager.swift */ = {isa = PBXFileReference; lastKnownFileType = sourcecode.swift; path = ServiceManager.swift; sourceTree = "<group>"; };
		2287B16D29B10709004EDBE6 /* StorageService.swift */ = {isa = PBXFileReference; lastKnownFileType = sourcecode.swift; path = StorageService.swift; sourceTree = "<group>"; };
		2287B16F29B10724004EDBE6 /* ImageService.swift */ = {isa = PBXFileReference; lastKnownFileType = sourcecode.swift; path = ImageService.swift; sourceTree = "<group>"; };
		2287B17429B38116004EDBE6 /* PagerView.swift */ = {isa = PBXFileReference; lastKnownFileType = sourcecode.swift; path = PagerView.swift; sourceTree = "<group>"; };
		2287B17A29B3819D004EDBE6 /* DashboardCollectionViewCell.swift */ = {isa = PBXFileReference; lastKnownFileType = sourcecode.swift; path = DashboardCollectionViewCell.swift; sourceTree = "<group>"; };
		2287B17B29B3819D004EDBE6 /* DashboardCollectionViewCell.xib */ = {isa = PBXFileReference; lastKnownFileType = file.xib; path = DashboardCollectionViewCell.xib; sourceTree = "<group>"; };
		2287B17E29B3A551004EDBE6 /* CollectionView+ReusableCell.swift */ = {isa = PBXFileReference; lastKnownFileType = sourcecode.swift; path = "CollectionView+ReusableCell.swift"; sourceTree = "<group>"; };
		22D6D90C29FBF72100C984F5 /* PokemonHeaderCollectionViewCell.swift */ = {isa = PBXFileReference; lastKnownFileType = sourcecode.swift; path = PokemonHeaderCollectionViewCell.swift; sourceTree = "<group>"; };
		22D6D90D29FBF72100C984F5 /* PokemonHeaderCollectionViewCell.xib */ = {isa = PBXFileReference; lastKnownFileType = file.xib; path = PokemonHeaderCollectionViewCell.xib; sourceTree = "<group>"; };
		22D6D91129FBF80700C984F5 /* PokemonCollectionViewCell.swift */ = {isa = PBXFileReference; lastKnownFileType = sourcecode.swift; path = PokemonCollectionViewCell.swift; sourceTree = "<group>"; };
		22D6D91229FBF80700C984F5 /* PokemonCollectionViewCell.xib */ = {isa = PBXFileReference; lastKnownFileType = file.xib; path = PokemonCollectionViewCell.xib; sourceTree = "<group>"; };
		22D6D91629FBF92300C984F5 /* ChipCollectionViewCell.swift */ = {isa = PBXFileReference; lastKnownFileType = sourcecode.swift; path = ChipCollectionViewCell.swift; sourceTree = "<group>"; };
		22D6D91729FBF92300C984F5 /* ChipCollectionViewCell.xib */ = {isa = PBXFileReference; lastKnownFileType = file.xib; path = ChipCollectionViewCell.xib; sourceTree = "<group>"; };
		22D6D91A29FFC09B00C984F5 /* PlusJakartaSans-SemiBold.ttf */ = {isa = PBXFileReference; lastKnownFileType = file; path = "PlusJakartaSans-SemiBold.ttf"; sourceTree = "<group>"; };
		22D6D9212A038DA400C984F5 /* VerticalTagView.swift */ = {isa = PBXFileReference; lastKnownFileType = sourcecode.swift; path = VerticalTagView.swift; sourceTree = "<group>"; };
		22D6D9222A038DA400C984F5 /* VerticalTagView.xib */ = {isa = PBXFileReference; lastKnownFileType = file.xib; path = VerticalTagView.xib; sourceTree = "<group>"; };
		22D6D9282A03A00700C984F5 /* NibDesignable.swift */ = {isa = PBXFileReference; fileEncoding = 4; lastKnownFileType = sourcecode.swift; path = NibDesignable.swift; sourceTree = "<group>"; };
		22D6D9392A06F8D900C984F5 /* String+CapitalizeFirstLetter.swift */ = {isa = PBXFileReference; lastKnownFileType = sourcecode.swift; path = "String+CapitalizeFirstLetter.swift"; sourceTree = "<group>"; };
		22D6D93E2A09230400C984F5 /* Models.swift */ = {isa = PBXFileReference; lastKnownFileType = sourcecode.swift; path = Models.swift; sourceTree = "<group>"; };
		22D6D9472A0D1E7700C984F5 /* Int+FormattedNumber.swift */ = {isa = PBXFileReference; lastKnownFileType = sourcecode.swift; path = "Int+FormattedNumber.swift"; sourceTree = "<group>"; };
		22D6D9492A0E8E2E00C984F5 /* UIImage+AverageColor.swift */ = {isa = PBXFileReference; lastKnownFileType = sourcecode.swift; path = "UIImage+AverageColor.swift"; sourceTree = "<group>"; };
		4E98552B36B05858F02D8FBF /* Pods_idap_study_task10.framework */ = {isa = PBXFileReference; explicitFileType = wrapper.framework; includeInIndex = 0; path = Pods_idap_study_task10.framework; sourceTree = BUILT_PRODUCTS_DIR; };
		E158EECD754A5B20BC7A2150 /* Pods-idap_study_task10.debug.xcconfig */ = {isa = PBXFileReference; includeInIndex = 1; lastKnownFileType = text.xcconfig; name = "Pods-idap_study_task10.debug.xcconfig"; path = "Target Support Files/Pods-idap_study_task10/Pods-idap_study_task10.debug.xcconfig"; sourceTree = "<group>"; };
		FCE6792FBE46B0C3D2940B75 /* Pods-idap_study_task10.release.xcconfig */ = {isa = PBXFileReference; includeInIndex = 1; lastKnownFileType = text.xcconfig; name = "Pods-idap_study_task10.release.xcconfig"; path = "Target Support Files/Pods-idap_study_task10/Pods-idap_study_task10.release.xcconfig"; sourceTree = "<group>"; };
/* End PBXFileReference section */

/* Begin PBXFrameworksBuildPhase section */
		2287B0ED29B0F7BC004EDBE6 /* Frameworks */ = {
			isa = PBXFrameworksBuildPhase;
			buildActionMask = 2147483647;
			files = (
				5A0DFA19DD2C053E32D07721 /* Pods_idap_study_task10.framework in Frameworks */,
			);
			runOnlyForDeploymentPostprocessing = 0;
		};
/* End PBXFrameworksBuildPhase section */

/* Begin PBXGroup section */
		22232B1029B5ED8D00B52268 /* Fonts */ = {
			isa = PBXGroup;
			children = (
				22232B1129B5EDB100B52268 /* PaytoneOne-Regular.ttf */,
				22D6D91A29FFC09B00C984F5 /* PlusJakartaSans-SemiBold.ttf */,
				22232B1329B5EFD500B52268 /* PlusJakartaSans-Medium.ttf */,
				22232B1529B604A000B52268 /* PlusJakartaSans-ExtraBold.ttf */,
			);
			path = Fonts;
			sourceTree = "<group>";
		};
		22232B1929B742EB00B52268 /* Libs */ = {
			isa = PBXGroup;
			children = (
				22D6D9272A039FE500C984F5 /* Views */,
				22232B1A29B742F400B52268 /* Resource */,
			);
			path = Libs;
			sourceTree = "<group>";
		};
		22232B1A29B742F400B52268 /* Resource */ = {
			isa = PBXGroup;
			children = (
				2253047C2A13A6CD000C68BD /* Animations */,
				22232B1B29B742FF00B52268 /* Generated */,
				22232B2529B75BA400B52268 /* swiftgen-config.yml */,
				22232B1E29B754E700B52268 /* Colors.xcassets */,
				22232B2029B7551C00B52268 /* Images.xcassets */,
				22232B2229B7552D00B52268 /* Localizable.strings */,
				22232B1029B5ED8D00B52268 /* Fonts */,
				22232B2E29B78BC300B52268 /* DashboardLocalizationDictionary.swift */,
			);
			path = Resource;
			sourceTree = "<group>";
		};
		22232B1B29B742FF00B52268 /* Generated */ = {
			isa = PBXGroup;
			children = (
				22232B2829B7795E00B52268 /* Colors.swift */,
				22232B2929B7795E00B52268 /* Images.swift */,
				22232B3229B90DDF00B52268 /* Fonts.swift */,
				22232B2A29B7795E00B52268 /* L10n-Constants.swift */,
			);
			path = Generated;
			sourceTree = "<group>";
		};
		2245E81E29C8B6C800E8EB80 /* PokemonListCollectionViewGridCell */ = {
			isa = PBXGroup;
			children = (
				2245E81F29C8B6FE00E8EB80 /* PokemonListCollectionViewGridCell.swift */,
				2245E82029C8B6FE00E8EB80 /* PokemonListCollectionViewGridCell.xib */,
			);
			path = PokemonListCollectionViewGridCell;
			sourceTree = "<group>";
		};
		2245E82929C9928E00E8EB80 /* PokemonListCollectionViewListCell */ = {
			isa = PBXGroup;
			children = (
				2245E82A29C992B600E8EB80 /* PokemonListCollectionViewListCell.swift */,
				2245E82B29C992B600E8EB80 /* PokemonListCollectionViewListCell.xib */,
			);
			path = PokemonListCollectionViewListCell;
			sourceTree = "<group>";
		};
		2245E82E29C9B0E500E8EB80 /* AboutUsViewController */ = {
			isa = PBXGroup;
			children = (
				2245E82F29C9B13100E8EB80 /* AboutUsViewController.swift */,
				2245E83029C9B13100E8EB80 /* AboutUsViewController.xib */,
				2245E83329C9B15000E8EB80 /* AboutUsView.swift */,
			);
			path = AboutUsViewController;
			sourceTree = "<group>";
		};
		225304772A13A47C000C68BD /* CircularSliderView */ = {
			isa = PBXGroup;
			children = (
				225304782A13A4E9000C68BD /* CircularSliderView.swift */,
				225304792A13A4E9000C68BD /* CircularSliderView.xib */,
			);
			path = CircularSliderView;
			sourceTree = "<group>";
		};
		2253047C2A13A6CD000C68BD /* Animations */ = {
			isa = PBXGroup;
			children = (
				2253047E2A13AFCF000C68BD /* pokeball.json */,
			);
			path = Animations;
			sourceTree = "<group>";
		};
		2287B0E729B0F7BC004EDBE6 = {
			isa = PBXGroup;
			children = (
				2287B0F229B0F7BC004EDBE6 /* idap_study_task10 */,
				2287B0F129B0F7BC004EDBE6 /* Products */,
				FA31DF4C9BDE778796AE665A /* Pods */,
				C5EE971DCCEEB0B8D24785DC /* Frameworks */,
			);
			sourceTree = "<group>";
		};
		2287B0F129B0F7BC004EDBE6 /* Products */ = {
			isa = PBXGroup;
			children = (
				2287B0F029B0F7BC004EDBE6 /* idap_study_task10.app */,
			);
			name = Products;
			sourceTree = "<group>";
		};
		2287B0F229B0F7BC004EDBE6 /* idap_study_task10 */ = {
			isa = PBXGroup;
			children = (
				22232B1929B742EB00B52268 /* Libs */,
				2287B10929B0FF6A004EDBE6 /* Services */,
				2287B10829B0FF5E004EDBE6 /* Source */,
				2287B10729B0FF2D004EDBE6 /* Coordinators */,
				2287B0F329B0F7BC004EDBE6 /* AppDelegate.swift */,
				2287B0F729B0F7BC004EDBE6 /* ViewController.swift */,
				2287B0FE29B0F7BE004EDBE6 /* LaunchScreen.storyboard */,
				2287B10129B0F7BE004EDBE6 /* Info.plist */,
			);
			path = idap_study_task10;
			sourceTree = "<group>";
		};
		2287B10729B0FF2D004EDBE6 /* Coordinators */ = {
			isa = PBXGroup;
			children = (
				2287B11629B100D0004EDBE6 /* AppCoordinator.swift */,
			);
			path = Coordinators;
			sourceTree = "<group>";
		};
		2287B10829B0FF5E004EDBE6 /* Source */ = {
			isa = PBXGroup;
			children = (
				2287B10F29B1001D004EDBE6 /* UI */,
				2287B11029B10025004EDBE6 /* Models */,
				2287B11129B10033004EDBE6 /* F */,
				2287B11829B100F7004EDBE6 /* F.swift */,
				2287B11A29B10106004EDBE6 /* WeakBox.swift */,
			);
			path = Source;
			sourceTree = "<group>";
		};
		2287B10929B0FF6A004EDBE6 /* Services */ = {
			isa = PBXGroup;
			children = (
				2287B10A29B0FF7F004EDBE6 /* ImageService */,
				2287B10B29B0FF95004EDBE6 /* StorageService */,
				2287B10C29B0FFBB004EDBE6 /* ServiceManager */,
				2287B10D29B0FFCD004EDBE6 /* SpinnerService */,
				2287B10E29B0FFDB004EDBE6 /* Networking */,
			);
			path = Services;
			sourceTree = "<group>";
		};
		2287B10A29B0FF7F004EDBE6 /* ImageService */ = {
			isa = PBXGroup;
			children = (
				2287B16F29B10724004EDBE6 /* ImageService.swift */,
			);
			path = ImageService;
			sourceTree = "<group>";
		};
		2287B10B29B0FF95004EDBE6 /* StorageService */ = {
			isa = PBXGroup;
			children = (
				2287B16D29B10709004EDBE6 /* StorageService.swift */,
			);
			path = StorageService;
			sourceTree = "<group>";
		};
		2287B10C29B0FFBB004EDBE6 /* ServiceManager */ = {
			isa = PBXGroup;
			children = (
				2287B16B29B106E6004EDBE6 /* ServiceManager.swift */,
			);
			path = ServiceManager;
			sourceTree = "<group>";
		};
		2287B10D29B0FFCD004EDBE6 /* SpinnerService */ = {
			isa = PBXGroup;
			children = (
				2287B16929B106A1004EDBE6 /* Spinner.swift */,
				2287B16729B10697004EDBE6 /* Spinnable.swift */,
				2287B16529B10686004EDBE6 /* SpinnerView.swift */,
			);
			path = SpinnerService;
			sourceTree = "<group>";
		};
		2287B10E29B0FFDB004EDBE6 /* Networking */ = {
			isa = PBXGroup;
			children = (
				2287B15829B105A4004EDBE6 /* Service */,
				2287B15929B105BC004EDBE6 /* NetworkManager.swift */,
				2287B15B29B105CC004EDBE6 /* PokemonProvider.swift */,
				2287B15D29B105DD004EDBE6 /* NetworkParser.swift */,
			);
			path = Networking;
			sourceTree = "<group>";
		};
		2287B10F29B1001D004EDBE6 /* UI */ = {
			isa = PBXGroup;
			children = (
				2287B17329B38106004EDBE6 /* Views */,
				2287B11229B10048004EDBE6 /* ViewControllers */,
			);
			path = UI;
			sourceTree = "<group>";
		};
		2287B11029B10025004EDBE6 /* Models */ = {
			isa = PBXGroup;
			children = (
				2287B13129B102F3004EDBE6 /* Pokemon.swift */,
				2287B13329B102FD004EDBE6 /* PokemonList.swift */,
				2287B13529B10307004EDBE6 /* AlertModel.swift */,
				22232B3029B792DA00B52268 /* DashboardContentModel.swift */,
			);
			path = Models;
			sourceTree = "<group>";
		};
		2287B11129B10033004EDBE6 /* F */ = {
			isa = PBXGroup;
			children = (
				2287B11329B1005F004EDBE6 /* BaseTypes */,
				2287B11429B1006B004EDBE6 /* Extensions */,
				2287B11529B10074004EDBE6 /* Protocols */,
			);
			path = F;
			sourceTree = "<group>";
		};
		2287B11229B10048004EDBE6 /* ViewControllers */ = {
			isa = PBXGroup;
			children = (
				2245E82E29C9B0E500E8EB80 /* AboutUsViewController */,
				2287B13729B10350004EDBE6 /* DashboardViewController */,
				2287B17129B38093004EDBE6 /* DashboardCollectionViewCell */,
				2287B13829B1035F004EDBE6 /* PokemonListViewController */,
				2245E81E29C8B6C800E8EB80 /* PokemonListCollectionViewGridCell */,
				2245E82929C9928E00E8EB80 /* PokemonListCollectionViewListCell */,
				2287B13929B1036F004EDBE6 /* PokemonViewController */,
				2287B13A29B10384004EDBE6 /* PokemonHeaderCollectionViewCell */,
				22D6D90B29FBF69D00C984F5 /* PokemonCollectionViewCell */,
				22D6D91529FBF8E600C984F5 /* ChipCollectionViewCell */,
			);
			path = ViewControllers;
			sourceTree = "<group>";
		};
		2287B11329B1005F004EDBE6 /* BaseTypes */ = {
			isa = PBXGroup;
			children = (
				2287B12D29B102B1004EDBE6 /* BaseViewController.swift */,
				2287B12F29B102B8004EDBE6 /* BaseView.swift */,
			);
			path = BaseTypes;
			sourceTree = "<group>";
		};
		2287B11429B1006B004EDBE6 /* Extensions */ = {
			isa = PBXGroup;
			children = (
				2287B12129B101BE004EDBE6 /* UViewController+ViewCast.swift */,
				2287B12329B101EF004EDBE6 /* TableView+ReusableCell.swift */,
				2287B17E29B3A551004EDBE6 /* CollectionView+ReusableCell.swift */,
				2287B12529B10218004EDBE6 /* URLResponce+GetStatusCode.swift */,
				2287B12729B10236004EDBE6 /* Array+OptionalValue.swift */,
				2287B12929B1025E004EDBE6 /* Pokemon+Hashable&Comparable.swift */,
				2287B12B29B1027B004EDBE6 /* UIImageView+Spinnable.swift */,
				22D6D9392A06F8D900C984F5 /* String+CapitalizeFirstLetter.swift */,
				22D6D9472A0D1E7700C984F5 /* Int+FormattedNumber.swift */,
				22D6D9492A0E8E2E00C984F5 /* UIImage+AverageColor.swift */,
			);
			path = Extensions;
			sourceTree = "<group>";
		};
		2287B11529B10074004EDBE6 /* Protocols */ = {
			isa = PBXGroup;
			children = (
				2287B11C29B1015C004EDBE6 /* Cancellable.swift */,
				2287B11F29B10187004EDBE6 /* CoordinatorProtocol.swift */,
				2245E82329C8C98000E8EB80 /* PokemonListCollectionViewCell.swift */,
			);
			path = Protocols;
			sourceTree = "<group>";
		};
		2287B13729B10350004EDBE6 /* DashboardViewController */ = {
			isa = PBXGroup;
			children = (
				2287B13C29B1047C004EDBE6 /* DashboardViewController.swift */,
				2287B13D29B1047C004EDBE6 /* DashboardViewController.xib */,
				2287B15229B1054F004EDBE6 /* DashboardView.swift */,
			);
			path = DashboardViewController;
			sourceTree = "<group>";
		};
		2287B13829B1035F004EDBE6 /* PokemonListViewController */ = {
			isa = PBXGroup;
			children = (
				2287B14029B104B0004EDBE6 /* PokemonListViewController.swift */,
				2287B14129B104B0004EDBE6 /* PokemonListViewController.xib */,
				2287B15429B10563004EDBE6 /* PokemonListView.swift */,
			);
			path = PokemonListViewController;
			sourceTree = "<group>";
		};
		2287B13929B1036F004EDBE6 /* PokemonViewController */ = {
			isa = PBXGroup;
			children = (
				2287B14429B104C4004EDBE6 /* PokemonViewController.swift */,
				2287B14529B104C4004EDBE6 /* PokemonViewController.xib */,
				2287B15629B10575004EDBE6 /* PokemonView.swift */,
			);
			path = PokemonViewController;
			sourceTree = "<group>";
		};
		2287B13A29B10384004EDBE6 /* PokemonHeaderCollectionViewCell */ = {
			isa = PBXGroup;
			children = (
				22D6D90C29FBF72100C984F5 /* PokemonHeaderCollectionViewCell.swift */,
				22D6D90D29FBF72100C984F5 /* PokemonHeaderCollectionViewCell.xib */,
			);
			path = PokemonHeaderCollectionViewCell;
			sourceTree = "<group>";
		};
		2287B15829B105A4004EDBE6 /* Service */ = {
			isa = PBXGroup;
			children = (
				2287B15F29B105F7004EDBE6 /* ServerConstants.swift */,
				2287B16129B10604004EDBE6 /* HTTPMethod.swift */,
				2287B16329B10614004EDBE6 /* NetworkResponse.swift */,
			);
			path = Service;
			sourceTree = "<group>";
		};
		2287B17129B38093004EDBE6 /* DashboardCollectionViewCell */ = {
			isa = PBXGroup;
			children = (
				2287B17A29B3819D004EDBE6 /* DashboardCollectionViewCell.swift */,
				2287B17B29B3819D004EDBE6 /* DashboardCollectionViewCell.xib */,
			);
			path = DashboardCollectionViewCell;
			sourceTree = "<group>";
		};
		2287B17329B38106004EDBE6 /* Views */ = {
			isa = PBXGroup;
			children = (
				225304772A13A47C000C68BD /* CircularSliderView */,
				22D6D91C2A026C5500C984F5 /* PagerView */,
				22D6D91B2A026C0800C984F5 /* VerticalTagView */,
			);
			path = Views;
			sourceTree = "<group>";
		};
		22D6D90B29FBF69D00C984F5 /* PokemonCollectionViewCell */ = {
			isa = PBXGroup;
			children = (
				22D6D91129FBF80700C984F5 /* PokemonCollectionViewCell.swift */,
				22D6D91229FBF80700C984F5 /* PokemonCollectionViewCell.xib */,
			);
			path = PokemonCollectionViewCell;
			sourceTree = "<group>";
		};
		22D6D91529FBF8E600C984F5 /* ChipCollectionViewCell */ = {
			isa = PBXGroup;
			children = (
				22D6D91629FBF92300C984F5 /* ChipCollectionViewCell.swift */,
				22D6D91729FBF92300C984F5 /* ChipCollectionViewCell.xib */,
			);
			path = ChipCollectionViewCell;
			sourceTree = "<group>";
		};
		22D6D91B2A026C0800C984F5 /* VerticalTagView */ = {
			isa = PBXGroup;
			children = (
				22D6D93D2A0922F900C984F5 /* Private */,
				22D6D9212A038DA400C984F5 /* VerticalTagView.swift */,
				22D6D9222A038DA400C984F5 /* VerticalTagView.xib */,
			);
			path = VerticalTagView;
			sourceTree = "<group>";
		};
		22D6D91C2A026C5500C984F5 /* PagerView */ = {
			isa = PBXGroup;
			children = (
				2287B17429B38116004EDBE6 /* PagerView.swift */,
			);
			path = PagerView;
			sourceTree = "<group>";
		};
		22D6D9272A039FE500C984F5 /* Views */ = {
			isa = PBXGroup;
			children = (
				22D6D9282A03A00700C984F5 /* NibDesignable.swift */,
			);
			path = Views;
			sourceTree = "<group>";
		};
		22D6D93D2A0922F900C984F5 /* Private */ = {
			isa = PBXGroup;
			children = (
				22D6D93E2A09230400C984F5 /* Models.swift */,
			);
			path = Private;
			sourceTree = "<group>";
		};
		C5EE971DCCEEB0B8D24785DC /* Frameworks */ = {
			isa = PBXGroup;
			children = (
				4E98552B36B05858F02D8FBF /* Pods_idap_study_task10.framework */,
			);
			name = Frameworks;
			sourceTree = "<group>";
		};
		FA31DF4C9BDE778796AE665A /* Pods */ = {
			isa = PBXGroup;
			children = (
				E158EECD754A5B20BC7A2150 /* Pods-idap_study_task10.debug.xcconfig */,
				FCE6792FBE46B0C3D2940B75 /* Pods-idap_study_task10.release.xcconfig */,
			);
			path = Pods;
			sourceTree = "<group>";
		};
/* End PBXGroup section */

/* Begin PBXNativeTarget section */
		2287B0EF29B0F7BC004EDBE6 /* idap_study_task10 */ = {
			isa = PBXNativeTarget;
			buildConfigurationList = 2287B10429B0F7BE004EDBE6 /* Build configuration list for PBXNativeTarget "idap_study_task10" */;
			buildPhases = (
				047BC19FA875EF2BB72DEA29 /* [CP] Check Pods Manifest.lock */,
				22232B2429B75A2300B52268 /* SwiftGen */,
				2287B0EC29B0F7BC004EDBE6 /* Sources */,
				2287B0ED29B0F7BC004EDBE6 /* Frameworks */,
				2287B0EE29B0F7BC004EDBE6 /* Resources */,
				09CE35CD0BF9505DECB3B024 /* [CP] Embed Pods Frameworks */,
			);
			buildRules = (
			);
			dependencies = (
			);
			name = idap_study_task10;
			productName = idap_study_task10;
			productReference = 2287B0F029B0F7BC004EDBE6 /* idap_study_task10.app */;
			productType = "com.apple.product-type.application";
		};
/* End PBXNativeTarget section */

/* Begin PBXProject section */
		2287B0E829B0F7BC004EDBE6 /* Project object */ = {
			isa = PBXProject;
			attributes = {
				BuildIndependentTargetsInParallel = 1;
				LastSwiftUpdateCheck = 1420;
				LastUpgradeCheck = 1420;
				TargetAttributes = {
					2287B0EF29B0F7BC004EDBE6 = {
						CreatedOnToolsVersion = 14.2;
					};
				};
			};
			buildConfigurationList = 2287B0EB29B0F7BC004EDBE6 /* Build configuration list for PBXProject "idap_study_task10" */;
			compatibilityVersion = "Xcode 14.0";
			developmentRegion = en;
			hasScannedForEncodings = 0;
			knownRegions = (
				en,
				Base,
			);
			mainGroup = 2287B0E729B0F7BC004EDBE6;
			productRefGroup = 2287B0F129B0F7BC004EDBE6 /* Products */;
			projectDirPath = "";
			projectRoot = "";
			targets = (
				2287B0EF29B0F7BC004EDBE6 /* idap_study_task10 */,
			);
		};
/* End PBXProject section */

/* Begin PBXResourcesBuildPhase section */
		2287B0EE29B0F7BC004EDBE6 /* Resources */ = {
			isa = PBXResourcesBuildPhase;
			buildActionMask = 2147483647;
			files = (
				22D6D9242A038DA400C984F5 /* VerticalTagView.xib in Resources */,
				2245E83229C9B13100E8EB80 /* AboutUsViewController.xib in Resources */,
				2253047B2A13A4E9000C68BD /* CircularSliderView.xib in Resources */,
				22D6D91929FBF92300C984F5 /* ChipCollectionViewCell.xib in Resources */,
				2287B13F29B1047C004EDBE6 /* DashboardViewController.xib in Resources */,
				22232B1F29B754E700B52268 /* Colors.xcassets in Resources */,
				22232B1629B604A000B52268 /* PlusJakartaSans-ExtraBold.ttf in Resources */,
				2245E82D29C992B600E8EB80 /* PokemonListCollectionViewListCell.xib in Resources */,
				22D6D90F29FBF72100C984F5 /* PokemonHeaderCollectionViewCell.xib in Resources */,
				2287B10029B0F7BE004EDBE6 /* LaunchScreen.storyboard in Resources */,
				22232B1229B5EDB100B52268 /* PaytoneOne-Regular.ttf in Resources */,
				2287B14329B104B0004EDBE6 /* PokemonListViewController.xib in Resources */,
				22232B2129B7551C00B52268 /* Images.xcassets in Resources */,
				22232B2329B7552D00B52268 /* Localizable.strings in Resources */,
				2245E82229C8B6FE00E8EB80 /* PokemonListCollectionViewGridCell.xib in Resources */,
				22232B1429B5EFD500B52268 /* PlusJakartaSans-Medium.ttf in Resources */,
				2287B14729B104C4004EDBE6 /* PokemonViewController.xib in Resources */,
				22D6D91429FBF80700C984F5 /* PokemonCollectionViewCell.xib in Resources */,
				2287B17D29B3819D004EDBE6 /* DashboardCollectionViewCell.xib in Resources */,
				2253047F2A13AFCF000C68BD /* pokeball.json in Resources */,
			);
			runOnlyForDeploymentPostprocessing = 0;
		};
/* End PBXResourcesBuildPhase section */

/* Begin PBXShellScriptBuildPhase section */
		047BC19FA875EF2BB72DEA29 /* [CP] Check Pods Manifest.lock */ = {
			isa = PBXShellScriptBuildPhase;
			buildActionMask = 2147483647;
			files = (
			);
			inputFileListPaths = (
			);
			inputPaths = (
				"${PODS_PODFILE_DIR_PATH}/Podfile.lock",
				"${PODS_ROOT}/Manifest.lock",
			);
			name = "[CP] Check Pods Manifest.lock";
			outputFileListPaths = (
			);
			outputPaths = (
				"$(DERIVED_FILE_DIR)/Pods-idap_study_task10-checkManifestLockResult.txt",
			);
			runOnlyForDeploymentPostprocessing = 0;
			shellPath = /bin/sh;
			shellScript = "diff \"${PODS_PODFILE_DIR_PATH}/Podfile.lock\" \"${PODS_ROOT}/Manifest.lock\" > /dev/null\nif [ $? != 0 ] ; then\n    # print error to STDERR\n    echo \"error: The sandbox is not in sync with the Podfile.lock. Run 'pod install' or update your CocoaPods installation.\" >&2\n    exit 1\nfi\n# This output is used by Xcode 'outputs' to avoid re-running this script phase.\necho \"SUCCESS\" > \"${SCRIPT_OUTPUT_FILE_0}\"\n";
			showEnvVarsInLog = 0;
		};
		09CE35CD0BF9505DECB3B024 /* [CP] Embed Pods Frameworks */ = {
			isa = PBXShellScriptBuildPhase;
			buildActionMask = 2147483647;
			files = (
			);
			inputFileListPaths = (
				"${PODS_ROOT}/Target Support Files/Pods-idap_study_task10/Pods-idap_study_task10-frameworks-${CONFIGURATION}-input-files.xcfilelist",
			);
			name = "[CP] Embed Pods Frameworks";
			outputFileListPaths = (
				"${PODS_ROOT}/Target Support Files/Pods-idap_study_task10/Pods-idap_study_task10-frameworks-${CONFIGURATION}-output-files.xcfilelist",
			);
			runOnlyForDeploymentPostprocessing = 0;
			shellPath = /bin/sh;
			shellScript = "\"${PODS_ROOT}/Target Support Files/Pods-idap_study_task10/Pods-idap_study_task10-frameworks.sh\"\n";
			showEnvVarsInLog = 0;
		};
		22232B2429B75A2300B52268 /* SwiftGen */ = {
			isa = PBXShellScriptBuildPhase;
			alwaysOutOfDate = 1;
			buildActionMask = 12;
			files = (
			);
			inputFileListPaths = (
			);
			inputPaths = (
			);
			name = SwiftGen;
			outputFileListPaths = (
			);
			outputPaths = (
			);
			runOnlyForDeploymentPostprocessing = 0;
			shellPath = /bin/sh;
			shellScript = "\"$PODS_ROOT/SwiftGen/bin/swiftgen\" config run --config \"$SRCROOT/idap_study_task10/Libs/Resource/swiftgen-config.yml\"\n";
		};
/* End PBXShellScriptBuildPhase section */

/* Begin PBXSourcesBuildPhase section */
		2287B0EC29B0F7BC004EDBE6 /* Sources */ = {
			isa = PBXSourcesBuildPhase;
			buildActionMask = 2147483647;
			files = (
				22D6D9232A038DA400C984F5 /* VerticalTagView.swift in Sources */,
				2287B15A29B105BC004EDBE6 /* NetworkManager.swift in Sources */,
				2287B12429B101EF004EDBE6 /* TableView+ReusableCell.swift in Sources */,
				22232B2F29B78BC300B52268 /* DashboardLocalizationDictionary.swift in Sources */,
				2287B15329B1054F004EDBE6 /* DashboardView.swift in Sources */,
				22D6D94A2A0E8E2E00C984F5 /* UIImage+AverageColor.swift in Sources */,
				2287B16E29B10709004EDBE6 /* StorageService.swift in Sources */,
				2287B13229B102F3004EDBE6 /* Pokemon.swift in Sources */,
				2287B17029B10724004EDBE6 /* ImageService.swift in Sources */,
				2287B13429B102FD004EDBE6 /* PokemonList.swift in Sources */,
				2287B15729B10575004EDBE6 /* PokemonView.swift in Sources */,
				2287B12029B10187004EDBE6 /* CoordinatorProtocol.swift in Sources */,
				2287B11D29B1015C004EDBE6 /* Cancellable.swift in Sources */,
				2287B11B29B10106004EDBE6 /* WeakBox.swift in Sources */,
				2287B12A29B1025E004EDBE6 /* Pokemon+Hashable&Comparable.swift in Sources */,
				2287B12E29B102B1004EDBE6 /* BaseViewController.swift in Sources */,
				2287B11929B100F7004EDBE6 /* F.swift in Sources */,
				2287B17529B38116004EDBE6 /* PagerView.swift in Sources */,
				2287B12C29B1027B004EDBE6 /* UIImageView+Spinnable.swift in Sources */,
				2245E82C29C992B600E8EB80 /* PokemonListCollectionViewListCell.swift in Sources */,
				2287B11729B100D0004EDBE6 /* AppCoordinator.swift in Sources */,
				2287B16829B10697004EDBE6 /* Spinnable.swift in Sources */,
				2287B15C29B105CC004EDBE6 /* PokemonProvider.swift in Sources */,
				2287B0F829B0F7BC004EDBE6 /* ViewController.swift in Sources */,
				2287B16629B10686004EDBE6 /* SpinnerView.swift in Sources */,
				2245E82429C8C98000E8EB80 /* PokemonListCollectionViewCell.swift in Sources */,
				2287B12829B10236004EDBE6 /* Array+OptionalValue.swift in Sources */,
				2245E82129C8B6FE00E8EB80 /* PokemonListCollectionViewGridCell.swift in Sources */,
				2287B13E29B1047C004EDBE6 /* DashboardViewController.swift in Sources */,
				22D6D9292A03A00700C984F5 /* NibDesignable.swift in Sources */,
				2253047A2A13A4E9000C68BD /* CircularSliderView.swift in Sources */,
				2287B16229B10604004EDBE6 /* HTTPMethod.swift in Sources */,
				2287B16C29B106E6004EDBE6 /* ServiceManager.swift in Sources */,
				2245E83129C9B13100E8EB80 /* AboutUsViewController.swift in Sources */,
				22232B3329B90DDF00B52268 /* Fonts.swift in Sources */,
				22D6D93A2A06F8D900C984F5 /* String+CapitalizeFirstLetter.swift in Sources */,
				2287B16029B105F7004EDBE6 /* ServerConstants.swift in Sources */,
				22232B2C29B7795E00B52268 /* Images.swift in Sources */,
				22D6D90E29FBF72100C984F5 /* PokemonHeaderCollectionViewCell.swift in Sources */,
				2245E83429C9B15000E8EB80 /* AboutUsView.swift in Sources */,
				22232B3129B792DA00B52268 /* DashboardContentModel.swift in Sources */,
				2287B17F29B3A551004EDBE6 /* CollectionView+ReusableCell.swift in Sources */,
				2287B16A29B106A1004EDBE6 /* Spinner.swift in Sources */,
				2287B12229B101BE004EDBE6 /* UViewController+ViewCast.swift in Sources */,
				22232B2B29B7795E00B52268 /* Colors.swift in Sources */,
				2287B15E29B105DD004EDBE6 /* NetworkParser.swift in Sources */,
				2287B13029B102B8004EDBE6 /* BaseView.swift in Sources */,
				2287B16429B10614004EDBE6 /* NetworkResponse.swift in Sources */,
				22232B2D29B7795E00B52268 /* L10n-Constants.swift in Sources */,
				22D6D9482A0D1E7700C984F5 /* Int+FormattedNumber.swift in Sources */,
				2287B17C29B3819D004EDBE6 /* DashboardCollectionViewCell.swift in Sources */,
				2287B12629B10218004EDBE6 /* URLResponce+GetStatusCode.swift in Sources */,
				2287B15529B10563004EDBE6 /* PokemonListView.swift in Sources */,
				2287B14629B104C4004EDBE6 /* PokemonViewController.swift in Sources */,
				22D6D91829FBF92300C984F5 /* ChipCollectionViewCell.swift in Sources */,
				2287B13629B10307004EDBE6 /* AlertModel.swift in Sources */,
				2287B14229B104B0004EDBE6 /* PokemonListViewController.swift in Sources */,
				22D6D93F2A09230400C984F5 /* Models.swift in Sources */,
				22D6D91329FBF80700C984F5 /* PokemonCollectionViewCell.swift in Sources */,
				2287B0F429B0F7BC004EDBE6 /* AppDelegate.swift in Sources */,
			);
			runOnlyForDeploymentPostprocessing = 0;
		};
/* End PBXSourcesBuildPhase section */

/* Begin PBXVariantGroup section */
		2287B0FE29B0F7BE004EDBE6 /* LaunchScreen.storyboard */ = {
			isa = PBXVariantGroup;
			children = (
				2287B0FF29B0F7BE004EDBE6 /* Base */,
			);
			name = LaunchScreen.storyboard;
			sourceTree = "<group>";
		};
/* End PBXVariantGroup section */

/* Begin XCBuildConfiguration section */
		2287B10229B0F7BE004EDBE6 /* Debug */ = {
			isa = XCBuildConfiguration;
			buildSettings = {
				ALWAYS_SEARCH_USER_PATHS = NO;
				CLANG_ANALYZER_NONNULL = YES;
				CLANG_ANALYZER_NUMBER_OBJECT_CONVERSION = YES_AGGRESSIVE;
				CLANG_CXX_LANGUAGE_STANDARD = "gnu++20";
				CLANG_ENABLE_MODULES = YES;
				CLANG_ENABLE_OBJC_ARC = YES;
				CLANG_ENABLE_OBJC_WEAK = YES;
				CLANG_WARN_BLOCK_CAPTURE_AUTORELEASING = YES;
				CLANG_WARN_BOOL_CONVERSION = YES;
				CLANG_WARN_COMMA = YES;
				CLANG_WARN_CONSTANT_CONVERSION = YES;
				CLANG_WARN_DEPRECATED_OBJC_IMPLEMENTATIONS = YES;
				CLANG_WARN_DIRECT_OBJC_ISA_USAGE = YES_ERROR;
				CLANG_WARN_DOCUMENTATION_COMMENTS = YES;
				CLANG_WARN_EMPTY_BODY = YES;
				CLANG_WARN_ENUM_CONVERSION = YES;
				CLANG_WARN_INFINITE_RECURSION = YES;
				CLANG_WARN_INT_CONVERSION = YES;
				CLANG_WARN_NON_LITERAL_NULL_CONVERSION = YES;
				CLANG_WARN_OBJC_IMPLICIT_RETAIN_SELF = YES;
				CLANG_WARN_OBJC_LITERAL_CONVERSION = YES;
				CLANG_WARN_OBJC_ROOT_CLASS = YES_ERROR;
				CLANG_WARN_QUOTED_INCLUDE_IN_FRAMEWORK_HEADER = YES;
				CLANG_WARN_RANGE_LOOP_ANALYSIS = YES;
				CLANG_WARN_STRICT_PROTOTYPES = YES;
				CLANG_WARN_SUSPICIOUS_MOVE = YES;
				CLANG_WARN_UNGUARDED_AVAILABILITY = YES_AGGRESSIVE;
				CLANG_WARN_UNREACHABLE_CODE = YES;
				CLANG_WARN__DUPLICATE_METHOD_MATCH = YES;
				COPY_PHASE_STRIP = NO;
				DEBUG_INFORMATION_FORMAT = dwarf;
				ENABLE_STRICT_OBJC_MSGSEND = YES;
				ENABLE_TESTABILITY = YES;
				GCC_C_LANGUAGE_STANDARD = gnu11;
				GCC_DYNAMIC_NO_PIC = NO;
				GCC_NO_COMMON_BLOCKS = YES;
				GCC_OPTIMIZATION_LEVEL = 0;
				GCC_PREPROCESSOR_DEFINITIONS = (
					"DEBUG=1",
					"$(inherited)",
				);
				GCC_WARN_64_TO_32_BIT_CONVERSION = YES;
				GCC_WARN_ABOUT_RETURN_TYPE = YES_ERROR;
				GCC_WARN_UNDECLARED_SELECTOR = YES;
				GCC_WARN_UNINITIALIZED_AUTOS = YES_AGGRESSIVE;
				GCC_WARN_UNUSED_FUNCTION = YES;
				GCC_WARN_UNUSED_VARIABLE = YES;
				IPHONEOS_DEPLOYMENT_TARGET = 16.2;
				MTL_ENABLE_DEBUG_INFO = INCLUDE_SOURCE;
				MTL_FAST_MATH = YES;
				ONLY_ACTIVE_ARCH = YES;
				SDKROOT = iphoneos;
				SWIFT_ACTIVE_COMPILATION_CONDITIONS = DEBUG;
				SWIFT_OPTIMIZATION_LEVEL = "-Onone";
			};
			name = Debug;
		};
		2287B10329B0F7BE004EDBE6 /* Release */ = {
			isa = XCBuildConfiguration;
			buildSettings = {
				ALWAYS_SEARCH_USER_PATHS = NO;
				CLANG_ANALYZER_NONNULL = YES;
				CLANG_ANALYZER_NUMBER_OBJECT_CONVERSION = YES_AGGRESSIVE;
				CLANG_CXX_LANGUAGE_STANDARD = "gnu++20";
				CLANG_ENABLE_MODULES = YES;
				CLANG_ENABLE_OBJC_ARC = YES;
				CLANG_ENABLE_OBJC_WEAK = YES;
				CLANG_WARN_BLOCK_CAPTURE_AUTORELEASING = YES;
				CLANG_WARN_BOOL_CONVERSION = YES;
				CLANG_WARN_COMMA = YES;
				CLANG_WARN_CONSTANT_CONVERSION = YES;
				CLANG_WARN_DEPRECATED_OBJC_IMPLEMENTATIONS = YES;
				CLANG_WARN_DIRECT_OBJC_ISA_USAGE = YES_ERROR;
				CLANG_WARN_DOCUMENTATION_COMMENTS = YES;
				CLANG_WARN_EMPTY_BODY = YES;
				CLANG_WARN_ENUM_CONVERSION = YES;
				CLANG_WARN_INFINITE_RECURSION = YES;
				CLANG_WARN_INT_CONVERSION = YES;
				CLANG_WARN_NON_LITERAL_NULL_CONVERSION = YES;
				CLANG_WARN_OBJC_IMPLICIT_RETAIN_SELF = YES;
				CLANG_WARN_OBJC_LITERAL_CONVERSION = YES;
				CLANG_WARN_OBJC_ROOT_CLASS = YES_ERROR;
				CLANG_WARN_QUOTED_INCLUDE_IN_FRAMEWORK_HEADER = YES;
				CLANG_WARN_RANGE_LOOP_ANALYSIS = YES;
				CLANG_WARN_STRICT_PROTOTYPES = YES;
				CLANG_WARN_SUSPICIOUS_MOVE = YES;
				CLANG_WARN_UNGUARDED_AVAILABILITY = YES_AGGRESSIVE;
				CLANG_WARN_UNREACHABLE_CODE = YES;
				CLANG_WARN__DUPLICATE_METHOD_MATCH = YES;
				COPY_PHASE_STRIP = NO;
				DEBUG_INFORMATION_FORMAT = "dwarf-with-dsym";
				ENABLE_NS_ASSERTIONS = NO;
				ENABLE_STRICT_OBJC_MSGSEND = YES;
				GCC_C_LANGUAGE_STANDARD = gnu11;
				GCC_NO_COMMON_BLOCKS = YES;
				GCC_WARN_64_TO_32_BIT_CONVERSION = YES;
				GCC_WARN_ABOUT_RETURN_TYPE = YES_ERROR;
				GCC_WARN_UNDECLARED_SELECTOR = YES;
				GCC_WARN_UNINITIALIZED_AUTOS = YES_AGGRESSIVE;
				GCC_WARN_UNUSED_FUNCTION = YES;
				GCC_WARN_UNUSED_VARIABLE = YES;
				IPHONEOS_DEPLOYMENT_TARGET = 16.2;
				MTL_ENABLE_DEBUG_INFO = NO;
				MTL_FAST_MATH = YES;
				SDKROOT = iphoneos;
				SWIFT_COMPILATION_MODE = wholemodule;
				SWIFT_OPTIMIZATION_LEVEL = "-O";
				VALIDATE_PRODUCT = YES;
			};
			name = Release;
		};
		2287B10529B0F7BE004EDBE6 /* Debug */ = {
			isa = XCBuildConfiguration;
			baseConfigurationReference = E158EECD754A5B20BC7A2150 /* Pods-idap_study_task10.debug.xcconfig */;
			buildSettings = {
				ASSETCATALOG_COMPILER_APPICON_NAME = AppIcon;
				ASSETCATALOG_COMPILER_GLOBAL_ACCENT_COLOR_NAME = AccentColor;
				CODE_SIGN_STYLE = Automatic;
				CURRENT_PROJECT_VERSION = 1;
				GENERATE_INFOPLIST_FILE = YES;
				INFOPLIST_FILE = idap_study_task10/Info.plist;
				INFOPLIST_KEY_UIApplicationSupportsIndirectInputEvents = YES;
				INFOPLIST_KEY_UILaunchStoryboardName = LaunchScreen;
				INFOPLIST_KEY_UISupportedInterfaceOrientations_iPad = "UIInterfaceOrientationPortrait UIInterfaceOrientationPortraitUpsideDown UIInterfaceOrientationLandscapeLeft UIInterfaceOrientationLandscapeRight";
				INFOPLIST_KEY_UISupportedInterfaceOrientations_iPhone = "UIInterfaceOrientationPortrait UIInterfaceOrientationLandscapeLeft UIInterfaceOrientationLandscapeRight";
				LD_RUNPATH_SEARCH_PATHS = (
					"$(inherited)",
					"@executable_path/Frameworks",
				);
				MARKETING_VERSION = 1.0;
				PRODUCT_BUNDLE_IDENTIFIER = "idap.idap-study-task10";
				PRODUCT_NAME = "$(TARGET_NAME)";
				SWIFT_EMIT_LOC_STRINGS = YES;
				SWIFT_VERSION = 5.0;
				TARGETED_DEVICE_FAMILY = "1,2";
			};
			name = Debug;
		};
		2287B10629B0F7BE004EDBE6 /* Release */ = {
			isa = XCBuildConfiguration;
			baseConfigurationReference = FCE6792FBE46B0C3D2940B75 /* Pods-idap_study_task10.release.xcconfig */;
			buildSettings = {
				ASSETCATALOG_COMPILER_APPICON_NAME = AppIcon;
				ASSETCATALOG_COMPILER_GLOBAL_ACCENT_COLOR_NAME = AccentColor;
				CODE_SIGN_STYLE = Automatic;
				CURRENT_PROJECT_VERSION = 1;
				GENERATE_INFOPLIST_FILE = YES;
				INFOPLIST_FILE = idap_study_task10/Info.plist;
				INFOPLIST_KEY_UIApplicationSupportsIndirectInputEvents = YES;
				INFOPLIST_KEY_UILaunchStoryboardName = LaunchScreen;
				INFOPLIST_KEY_UISupportedInterfaceOrientations_iPad = "UIInterfaceOrientationPortrait UIInterfaceOrientationPortraitUpsideDown UIInterfaceOrientationLandscapeLeft UIInterfaceOrientationLandscapeRight";
				INFOPLIST_KEY_UISupportedInterfaceOrientations_iPhone = "UIInterfaceOrientationPortrait UIInterfaceOrientationLandscapeLeft UIInterfaceOrientationLandscapeRight";
				LD_RUNPATH_SEARCH_PATHS = (
					"$(inherited)",
					"@executable_path/Frameworks",
				);
				MARKETING_VERSION = 1.0;
				PRODUCT_BUNDLE_IDENTIFIER = "idap.idap-study-task10";
				PRODUCT_NAME = "$(TARGET_NAME)";
				SWIFT_EMIT_LOC_STRINGS = YES;
				SWIFT_VERSION = 5.0;
				TARGETED_DEVICE_FAMILY = "1,2";
			};
			name = Release;
		};
/* End XCBuildConfiguration section */

/* Begin XCConfigurationList section */
		2287B0EB29B0F7BC004EDBE6 /* Build configuration list for PBXProject "idap_study_task10" */ = {
			isa = XCConfigurationList;
			buildConfigurations = (
				2287B10229B0F7BE004EDBE6 /* Debug */,
				2287B10329B0F7BE004EDBE6 /* Release */,
			);
			defaultConfigurationIsVisible = 0;
			defaultConfigurationName = Release;
		};
		2287B10429B0F7BE004EDBE6 /* Build configuration list for PBXNativeTarget "idap_study_task10" */ = {
			isa = XCConfigurationList;
			buildConfigurations = (
				2287B10529B0F7BE004EDBE6 /* Debug */,
				2287B10629B0F7BE004EDBE6 /* Release */,
			);
			defaultConfigurationIsVisible = 0;
			defaultConfigurationName = Release;
		};
/* End XCConfigurationList section */
	};
	rootObject = 2287B0E829B0F7BC004EDBE6 /* Project object */;
}
